
Microsoft Visual Studio Solution File, Format Version 12.00
# Visual Studio Version 16
VisualStudioVersion = 16.0.808.6
MinimumVisualStudioVersion = 10.0.40219.1
Project("{FAE04EC0-301F-11D3-BF4B-00C04F79EFBC}") = "RentCar.Gateway", "RentCar.Gateway\RentCar.Gateway.csproj", "{D44C9F42-6E1A-418D-8428-313B4C43CAF9}"
EndProject
Global
	GlobalSection(SolutionConfigurationPlatforms) = preSolution
		Debug|Any CPU = Debug|Any CPU
		Release|Any CPU = Release|Any CPU
	EndGlobalSection
	GlobalSection(ProjectConfigurationPlatforms) = postSolution
		{D44C9F42-6E1A-418D-8428-313B4C43CAF9}.Debug|Any CPU.ActiveCfg = Debug|Any CPU
		{D44C9F42-6E1A-418D-8428-313B4C43CAF9}.Debug|Any CPU.Build.0 = Debug|Any CPU
		{D44C9F42-6E1A-418D-8428-313B4C43CAF9}.Release|Any CPU.ActiveCfg = Release|Any CPU
		{D44C9F42-6E1A-418D-8428-313B4C43CAF9}.Release|Any CPU.Build.0 = Release|Any CPU
	EndGlobalSection
	GlobalSection(SolutionProperties) = preSolution
		HideSolutionNode = FALSE
	EndGlobalSection
	GlobalSection(ExtensibilityGlobals) = postSolution
		SolutionGuid = {BEAD26E0-1671-4F50-8455-83CD24711554}
	EndGlobalSection
EndGlobal
