
Microsoft Visual Studio Solution File, Format Version 12.00
# Visual Studio Version 16
VisualStudioVersion = 16.0.808.4
MinimumVisualStudioVersion = 10.0.40219.1
Project("{FAE04EC0-301F-11D3-BF4B-00C04F79EFBC}") = "CarService", "CarService\CarService.csproj", "{B00CA829-9C97-4D3F-99E4-4F307720DE7A}"
EndProject
Project("{FAE04EC0-301F-11D3-BF4B-00C04F79EFBC}") = "ClientService", "ClientService\ClientService.csproj", "{61613E9B-10A6-4063-84D3-793D42BD7E9A}"
EndProject
Project("{FAE04EC0-301F-11D3-BF4B-00C04F79EFBC}") = "EmployeeService", "EmployeeService\EmployeeService.csproj", "{38F3FC36-9015-4CBD-A0BD-8AB81901C965}"
EndProject
Project("{FAE04EC0-301F-11D3-BF4B-00C04F79EFBC}") = "RentService", "RentService\RentService.csproj", "{B678FC00-D05B-44D2-AD6E-CA31C85E0813}"
EndProject
Project("{FAE04EC0-301F-11D3-BF4B-00C04F79EFBC}") = "InspectionService", "InspectionService\InspectionService.csproj", "{44F7E875-3D97-4923-AA2C-0A906747E61C}"
EndProject
Project("{FAE04EC0-301F-11D3-BF4B-00C04F79EFBC}") = "RentCar.Core", "RentCar.Core\RentCar.Core.csproj", "{2A84BAA6-5799-4C8D-8BF9-B3270EAC0B21}"
EndProject
Project("{FAE04EC0-301F-11D3-BF4B-00C04F79EFBC}") = "RentCar.Infrastructure", "RentCar.Infrastructure\RentCar.Infrastructure.csproj", "{71C0F11C-0B70-43B6-8B38-765B6D4AE81E}"
EndProject
Global
	GlobalSection(SolutionConfigurationPlatforms) = preSolution
		Debug|Any CPU = Debug|Any CPU
		Release|Any CPU = Release|Any CPU
	EndGlobalSection
	GlobalSection(ProjectConfigurationPlatforms) = postSolution
		{B00CA829-9C97-4D3F-99E4-4F307720DE7A}.Debug|Any CPU.ActiveCfg = Debug|Any CPU
		{B00CA829-9C97-4D3F-99E4-4F307720DE7A}.Debug|Any CPU.Build.0 = Debug|Any CPU
		{B00CA829-9C97-4D3F-99E4-4F307720DE7A}.Release|Any CPU.ActiveCfg = Release|Any CPU
		{B00CA829-9C97-4D3F-99E4-4F307720DE7A}.Release|Any CPU.Build.0 = Release|Any CPU
		{61613E9B-10A6-4063-84D3-793D42BD7E9A}.Debug|Any CPU.ActiveCfg = Debug|Any CPU
		{61613E9B-10A6-4063-84D3-793D42BD7E9A}.Debug|Any CPU.Build.0 = Debug|Any CPU
		{61613E9B-10A6-4063-84D3-793D42BD7E9A}.Release|Any CPU.ActiveCfg = Release|Any CPU
		{61613E9B-10A6-4063-84D3-793D42BD7E9A}.Release|Any CPU.Build.0 = Release|Any CPU
		{38F3FC36-9015-4CBD-A0BD-8AB81901C965}.Debug|Any CPU.ActiveCfg = Debug|Any CPU
		{38F3FC36-9015-4CBD-A0BD-8AB81901C965}.Debug|Any CPU.Build.0 = Debug|Any CPU
		{38F3FC36-9015-4CBD-A0BD-8AB81901C965}.Release|Any CPU.ActiveCfg = Release|Any CPU
		{38F3FC36-9015-4CBD-A0BD-8AB81901C965}.Release|Any CPU.Build.0 = Release|Any CPU
		{B678FC00-D05B-44D2-AD6E-CA31C85E0813}.Debug|Any CPU.ActiveCfg = Debug|Any CPU
		{B678FC00-D05B-44D2-AD6E-CA31C85E0813}.Debug|Any CPU.Build.0 = Debug|Any CPU
		{B678FC00-D05B-44D2-AD6E-CA31C85E0813}.Release|Any CPU.ActiveCfg = Release|Any CPU
		{B678FC00-D05B-44D2-AD6E-CA31C85E0813}.Release|Any CPU.Build.0 = Release|Any CPU
		{44F7E875-3D97-4923-AA2C-0A906747E61C}.Debug|Any CPU.ActiveCfg = Debug|Any CPU
		{44F7E875-3D97-4923-AA2C-0A906747E61C}.Debug|Any CPU.Build.0 = Debug|Any CPU
		{44F7E875-3D97-4923-AA2C-0A906747E61C}.Release|Any CPU.ActiveCfg = Release|Any CPU
		{44F7E875-3D97-4923-AA2C-0A906747E61C}.Release|Any CPU.Build.0 = Release|Any CPU
		{2A84BAA6-5799-4C8D-8BF9-B3270EAC0B21}.Debug|Any CPU.ActiveCfg = Debug|Any CPU
		{2A84BAA6-5799-4C8D-8BF9-B3270EAC0B21}.Debug|Any CPU.Build.0 = Debug|Any CPU
		{2A84BAA6-5799-4C8D-8BF9-B3270EAC0B21}.Release|Any CPU.ActiveCfg = Release|Any CPU
		{2A84BAA6-5799-4C8D-8BF9-B3270EAC0B21}.Release|Any CPU.Build.0 = Release|Any CPU
		{71C0F11C-0B70-43B6-8B38-765B6D4AE81E}.Debug|Any CPU.ActiveCfg = Debug|Any CPU
		{71C0F11C-0B70-43B6-8B38-765B6D4AE81E}.Debug|Any CPU.Build.0 = Debug|Any CPU
		{71C0F11C-0B70-43B6-8B38-765B6D4AE81E}.Release|Any CPU.ActiveCfg = Release|Any CPU
		{71C0F11C-0B70-43B6-8B38-765B6D4AE81E}.Release|Any CPU.Build.0 = Release|Any CPU
	EndGlobalSection
	GlobalSection(SolutionProperties) = preSolution
		HideSolutionNode = FALSE
	EndGlobalSection
	GlobalSection(ExtensibilityGlobals) = postSolution
		SolutionGuid = {E9B1AE28-A53C-45ED-817A-7F81E23043DC}
	EndGlobalSection
EndGlobal
