
Microsoft Visual Studio Solution File, Format Version 12.00
# Visual Studio Version 16
VisualStudioVersion = 16.0.808.4
MinimumVisualStudioVersion = 10.0.40219.1
Project("{FAE04EC0-301F-11D3-BF4B-00C04F79EFBC}") = "CarService", "CarService\CarService.csproj", "{B00CA829-9C97-4D3F-99E4-4F307720DE7A}"
EndProject
Project("{FAE04EC0-301F-11D3-BF4B-00C04F79EFBC}") = "ClientService", "ClientService\ClientService.csproj", "{61613E9B-10A6-4063-84D3-793D42BD7E9A}"
EndProject
Project("{FAE04EC0-301F-11D3-BF4B-00C04F79EFBC}") = "EmployeeService", "EmployeeService\EmployeeService.csproj", "{38F3FC36-9015-4CBD-A0BD-8AB81901C965}"
EndProject
Project("{FAE04EC0-301F-11D3-BF4B-00C04F79EFBC}") = "InspectionService", "InspectionService\InspectionService.csproj", "{44F7E875-3D97-4923-AA2C-0A906747E61C}"
EndProject
Project("{FAE04EC0-301F-11D3-BF4B-00C04F79EFBC}") = "ClientService.Core", "ClientService.Core\ClientService.Core.csproj", "{B4004B45-861F-4121-90E1-5883396FFB90}"
EndProject
Project("{FAE04EC0-301F-11D3-BF4B-00C04F79EFBC}") = "ClientService.Infrastructure", "ClientService.Infrastructure\ClientService.Infrastructure.csproj", "{E8569669-5BF4-462D-BC90-3484E325B6E1}"
EndProject
Project("{FAE04EC0-301F-11D3-BF4B-00C04F79EFBC}") = "CarService.Core", "CarService.Core\CarService.Core.csproj", "{87B00E9E-B46A-463F-A77F-17E552AE2092}"
EndProject
Project("{FAE04EC0-301F-11D3-BF4B-00C04F79EFBC}") = "CarService.Infrastructure", "CarService.Infrastructure\CarService.Infrastructure.csproj", "{B966CAAD-AB0E-4E5C-A627-CD60917DC9FC}"
EndProject
Project("{FAE04EC0-301F-11D3-BF4B-00C04F79EFBC}") = "EmployeeService.Core", "EmployeeService.Core\EmployeeService.Core.csproj", "{56591E7F-75C1-4134-8E61-856A7A9FF7D3}"
EndProject
Project("{FAE04EC0-301F-11D3-BF4B-00C04F79EFBC}") = "EmployeeService.Infrastructure", "EmployeeService.Infrastructure\EmployeeService.Infrastructure.csproj", "{181D79AB-182B-4245-B03D-4519F33B7CD7}"
EndProject
Project("{FAE04EC0-301F-11D3-BF4B-00C04F79EFBC}") = "RentService", "RentService\RentService.csproj", "{A6360092-1F63-4BAE-A7DD-AF66EFE90AA9}"
EndProject
Project("{FAE04EC0-301F-11D3-BF4B-00C04F79EFBC}") = "RentService.Core", "RentService.Core\RentService.Core.csproj", "{A63C51FE-092A-4A4D-9842-73FC5A19F45B}"
EndProject
Project("{FAE04EC0-301F-11D3-BF4B-00C04F79EFBC}") = "RentService.Infrastructure", "RentService.Infrastructure\RentService.Infrastructure.csproj", "{E8A7AC5E-035D-4701-9EF1-0477AFE27C29}"
EndProject
Project("{FAE04EC0-301F-11D3-BF4B-00C04F79EFBC}") = "InspectionService.Core", "InspectionService.Core\InspectionService.Core.csproj", "{141E2E89-4838-4198-AF0B-BE803B942A36}"
EndProject
Project("{FAE04EC0-301F-11D3-BF4B-00C04F79EFBC}") = "InspectionService.Infrastructure", "InspectionService.Infrastructure\InspectionService.Infrastructure.csproj", "{B08A94E7-0EF5-4488-8388-5935F2E9338F}"
EndProject
Global
	GlobalSection(SolutionConfigurationPlatforms) = preSolution
		Debug|Any CPU = Debug|Any CPU
		Release|Any CPU = Release|Any CPU
	EndGlobalSection
	GlobalSection(ProjectConfigurationPlatforms) = postSolution
		{B00CA829-9C97-4D3F-99E4-4F307720DE7A}.Debug|Any CPU.ActiveCfg = Debug|Any CPU
		{B00CA829-9C97-4D3F-99E4-4F307720DE7A}.Debug|Any CPU.Build.0 = Debug|Any CPU
		{B00CA829-9C97-4D3F-99E4-4F307720DE7A}.Release|Any CPU.ActiveCfg = Release|Any CPU
		{B00CA829-9C97-4D3F-99E4-4F307720DE7A}.Release|Any CPU.Build.0 = Release|Any CPU
		{61613E9B-10A6-4063-84D3-793D42BD7E9A}.Debug|Any CPU.ActiveCfg = Debug|Any CPU
		{61613E9B-10A6-4063-84D3-793D42BD7E9A}.Debug|Any CPU.Build.0 = Debug|Any CPU
		{61613E9B-10A6-4063-84D3-793D42BD7E9A}.Release|Any CPU.ActiveCfg = Release|Any CPU
		{61613E9B-10A6-4063-84D3-793D42BD7E9A}.Release|Any CPU.Build.0 = Release|Any CPU
		{38F3FC36-9015-4CBD-A0BD-8AB81901C965}.Debug|Any CPU.ActiveCfg = Debug|Any CPU
		{38F3FC36-9015-4CBD-A0BD-8AB81901C965}.Debug|Any CPU.Build.0 = Debug|Any CPU
		{38F3FC36-9015-4CBD-A0BD-8AB81901C965}.Release|Any CPU.ActiveCfg = Release|Any CPU
		{38F3FC36-9015-4CBD-A0BD-8AB81901C965}.Release|Any CPU.Build.0 = Release|Any CPU
		{44F7E875-3D97-4923-AA2C-0A906747E61C}.Debug|Any CPU.ActiveCfg = Debug|Any CPU
		{44F7E875-3D97-4923-AA2C-0A906747E61C}.Debug|Any CPU.Build.0 = Debug|Any CPU
		{44F7E875-3D97-4923-AA2C-0A906747E61C}.Release|Any CPU.ActiveCfg = Release|Any CPU
		{44F7E875-3D97-4923-AA2C-0A906747E61C}.Release|Any CPU.Build.0 = Release|Any CPU
		{B4004B45-861F-4121-90E1-5883396FFB90}.Debug|Any CPU.ActiveCfg = Debug|Any CPU
		{B4004B45-861F-4121-90E1-5883396FFB90}.Debug|Any CPU.Build.0 = Debug|Any CPU
		{B4004B45-861F-4121-90E1-5883396FFB90}.Release|Any CPU.ActiveCfg = Release|Any CPU
		{B4004B45-861F-4121-90E1-5883396FFB90}.Release|Any CPU.Build.0 = Release|Any CPU
		{E8569669-5BF4-462D-BC90-3484E325B6E1}.Debug|Any CPU.ActiveCfg = Debug|Any CPU
		{E8569669-5BF4-462D-BC90-3484E325B6E1}.Debug|Any CPU.Build.0 = Debug|Any CPU
		{E8569669-5BF4-462D-BC90-3484E325B6E1}.Release|Any CPU.ActiveCfg = Release|Any CPU
		{E8569669-5BF4-462D-BC90-3484E325B6E1}.Release|Any CPU.Build.0 = Release|Any CPU
		{87B00E9E-B46A-463F-A77F-17E552AE2092}.Debug|Any CPU.ActiveCfg = Debug|Any CPU
		{87B00E9E-B46A-463F-A77F-17E552AE2092}.Debug|Any CPU.Build.0 = Debug|Any CPU
		{87B00E9E-B46A-463F-A77F-17E552AE2092}.Release|Any CPU.ActiveCfg = Release|Any CPU
		{87B00E9E-B46A-463F-A77F-17E552AE2092}.Release|Any CPU.Build.0 = Release|Any CPU
		{B966CAAD-AB0E-4E5C-A627-CD60917DC9FC}.Debug|Any CPU.ActiveCfg = Debug|Any CPU
		{B966CAAD-AB0E-4E5C-A627-CD60917DC9FC}.Debug|Any CPU.Build.0 = Debug|Any CPU
		{B966CAAD-AB0E-4E5C-A627-CD60917DC9FC}.Release|Any CPU.ActiveCfg = Release|Any CPU
		{B966CAAD-AB0E-4E5C-A627-CD60917DC9FC}.Release|Any CPU.Build.0 = Release|Any CPU
		{56591E7F-75C1-4134-8E61-856A7A9FF7D3}.Debug|Any CPU.ActiveCfg = Debug|Any CPU
		{56591E7F-75C1-4134-8E61-856A7A9FF7D3}.Debug|Any CPU.Build.0 = Debug|Any CPU
		{56591E7F-75C1-4134-8E61-856A7A9FF7D3}.Release|Any CPU.ActiveCfg = Release|Any CPU
		{56591E7F-75C1-4134-8E61-856A7A9FF7D3}.Release|Any CPU.Build.0 = Release|Any CPU
		{181D79AB-182B-4245-B03D-4519F33B7CD7}.Debug|Any CPU.ActiveCfg = Debug|Any CPU
		{181D79AB-182B-4245-B03D-4519F33B7CD7}.Debug|Any CPU.Build.0 = Debug|Any CPU
		{181D79AB-182B-4245-B03D-4519F33B7CD7}.Release|Any CPU.ActiveCfg = Release|Any CPU
		{181D79AB-182B-4245-B03D-4519F33B7CD7}.Release|Any CPU.Build.0 = Release|Any CPU
		{A6360092-1F63-4BAE-A7DD-AF66EFE90AA9}.Debug|Any CPU.ActiveCfg = Debug|Any CPU
		{A6360092-1F63-4BAE-A7DD-AF66EFE90AA9}.Debug|Any CPU.Build.0 = Debug|Any CPU
		{A6360092-1F63-4BAE-A7DD-AF66EFE90AA9}.Release|Any CPU.ActiveCfg = Release|Any CPU
		{A6360092-1F63-4BAE-A7DD-AF66EFE90AA9}.Release|Any CPU.Build.0 = Release|Any CPU
		{A63C51FE-092A-4A4D-9842-73FC5A19F45B}.Debug|Any CPU.ActiveCfg = Debug|Any CPU
		{A63C51FE-092A-4A4D-9842-73FC5A19F45B}.Debug|Any CPU.Build.0 = Debug|Any CPU
		{A63C51FE-092A-4A4D-9842-73FC5A19F45B}.Release|Any CPU.ActiveCfg = Release|Any CPU
		{A63C51FE-092A-4A4D-9842-73FC5A19F45B}.Release|Any CPU.Build.0 = Release|Any CPU
		{E8A7AC5E-035D-4701-9EF1-0477AFE27C29}.Debug|Any CPU.ActiveCfg = Debug|Any CPU
		{E8A7AC5E-035D-4701-9EF1-0477AFE27C29}.Debug|Any CPU.Build.0 = Debug|Any CPU
		{E8A7AC5E-035D-4701-9EF1-0477AFE27C29}.Release|Any CPU.ActiveCfg = Release|Any CPU
		{E8A7AC5E-035D-4701-9EF1-0477AFE27C29}.Release|Any CPU.Build.0 = Release|Any CPU
		{141E2E89-4838-4198-AF0B-BE803B942A36}.Debug|Any CPU.ActiveCfg = Debug|Any CPU
		{141E2E89-4838-4198-AF0B-BE803B942A36}.Debug|Any CPU.Build.0 = Debug|Any CPU
		{141E2E89-4838-4198-AF0B-BE803B942A36}.Release|Any CPU.ActiveCfg = Release|Any CPU
		{141E2E89-4838-4198-AF0B-BE803B942A36}.Release|Any CPU.Build.0 = Release|Any CPU
		{B08A94E7-0EF5-4488-8388-5935F2E9338F}.Debug|Any CPU.ActiveCfg = Debug|Any CPU
		{B08A94E7-0EF5-4488-8388-5935F2E9338F}.Debug|Any CPU.Build.0 = Debug|Any CPU
		{B08A94E7-0EF5-4488-8388-5935F2E9338F}.Release|Any CPU.ActiveCfg = Release|Any CPU
		{B08A94E7-0EF5-4488-8388-5935F2E9338F}.Release|Any CPU.Build.0 = Release|Any CPU
	EndGlobalSection
	GlobalSection(SolutionProperties) = preSolution
		HideSolutionNode = FALSE
	EndGlobalSection
	GlobalSection(ExtensibilityGlobals) = postSolution
		SolutionGuid = {E9B1AE28-A53C-45ED-817A-7F81E23043DC}
	EndGlobalSection
EndGlobal
