
Microsoft Visual Studio Solution File, Format Version 12.00
# Visual Studio Version 16
VisualStudioVersion = 16.0.808.6
MinimumVisualStudioVersion = 10.0.40219.1
Project("{FAE04EC0-301F-11D3-BF4B-00C04F79EFBC}") = "RentCar.UI", "RentCar.UI\RentCar.UI.csproj", "{8A265033-2DA1-4791-81F6-3526F5BB7E11}"
EndProject
Global
	GlobalSection(SolutionConfigurationPlatforms) = preSolution
		Debug|Any CPU = Debug|Any CPU
		Release|Any CPU = Release|Any CPU
	EndGlobalSection
	GlobalSection(ProjectConfigurationPlatforms) = postSolution
		{8A265033-2DA1-4791-81F6-3526F5BB7E11}.Debug|Any CPU.ActiveCfg = Debug|Any CPU
		{8A265033-2DA1-4791-81F6-3526F5BB7E11}.Debug|Any CPU.Build.0 = Debug|Any CPU
		{8A265033-2DA1-4791-81F6-3526F5BB7E11}.Release|Any CPU.ActiveCfg = Release|Any CPU
		{8A265033-2DA1-4791-81F6-3526F5BB7E11}.Release|Any CPU.Build.0 = Release|Any CPU
	EndGlobalSection
	GlobalSection(SolutionProperties) = preSolution
		HideSolutionNode = FALSE
	EndGlobalSection
	GlobalSection(ExtensibilityGlobals) = postSolution
		SolutionGuid = {E9DD0479-ED23-464B-A95D-F777EA9ED205}
	EndGlobalSection
EndGlobal
